
Microsoft Visual Studio Solution File, Format Version 12.00
# Visual Studio 2012
Project("{FAE04EC0-301F-11D3-BF4B-00C04F79EFBC}") = "Slapper", "Slapper.AutoMapper\Slapper.csproj", "{732E1A86-A01F-4D9C-B02F-984A8F949A48}"
EndProject
Project("{FAE04EC0-301F-11D3-BF4B-00C04F79EFBC}") = "Slapper.Tests", "Slapper.AutoMapper.Tests\Slapper.Tests.csproj", "{B7DC04A6-1411-433D-921E-CE3DC93F28CD}"
EndProject
Global
	GlobalSection(SolutionConfigurationPlatforms) = preSolution
		Debug|Any CPU = Debug|Any CPU
		Release|Any CPU = Release|Any CPU
	EndGlobalSection
	GlobalSection(ProjectConfigurationPlatforms) = postSolution
		{732E1A86-A01F-4D9C-B02F-984A8F949A48}.Debug|Any CPU.ActiveCfg = Debug|Any CPU
		{732E1A86-A01F-4D9C-B02F-984A8F949A48}.Debug|Any CPU.Build.0 = Debug|Any CPU
		{732E1A86-A01F-4D9C-B02F-984A8F949A48}.Release|Any CPU.ActiveCfg = Release|Any CPU
		{732E1A86-A01F-4D9C-B02F-984A8F949A48}.Release|Any CPU.Build.0 = Release|Any CPU
		{B7DC04A6-1411-433D-921E-CE3DC93F28CD}.Debug|Any CPU.ActiveCfg = Debug|Any CPU
		{B7DC04A6-1411-433D-921E-CE3DC93F28CD}.Debug|Any CPU.Build.0 = Debug|Any CPU
		{B7DC04A6-1411-433D-921E-CE3DC93F28CD}.Release|Any CPU.ActiveCfg = Release|Any CPU
		{B7DC04A6-1411-433D-921E-CE3DC93F28CD}.Release|Any CPU.Build.0 = Release|Any CPU
	EndGlobalSection
	GlobalSection(SolutionProperties) = preSolution
		HideSolutionNode = FALSE
	EndGlobalSection
EndGlobal
