
Microsoft Visual Studio Solution File, Format Version 12.00
# Visual Studio 15
VisualStudioVersion = 15.0.27004.2008
MinimumVisualStudioVersion = 10.0.40219.1
Project("{2150E333-8FDC-42A3-9474-1A3956D46DE8}") = "Solution Items", "Solution Items", "{4DEF8A06-0FDA-484C-AAA6-53BB94CAA66A}"
EndProject
Project("{9A19103F-16F7-4668-BE54-9A1E7A4F7556}") = "Slapper.AutoMapper", "Slapper.AutoMapper\Slapper.AutoMapper.csproj", "{71EC7070-2724-41F5-9FC3-3C2A7023061D}"
EndProject
Project("{FAE04EC0-301F-11D3-BF4B-00C04F79EFBC}") = "Slapper.AutoMapper.Tests", "Slapper.AutoMapper.Tests\Slapper.AutoMapper.Tests.csproj", "{C9684CE1-82E5-4A69-9037-76B9A3A10070}"
EndProject
Global
	GlobalSection(SolutionConfigurationPlatforms) = preSolution
		Debug|Any CPU = Debug|Any CPU
		Release|Any CPU = Release|Any CPU
	EndGlobalSection
	GlobalSection(ProjectConfigurationPlatforms) = postSolution
		{71EC7070-2724-41F5-9FC3-3C2A7023061D}.Debug|Any CPU.ActiveCfg = Debug|Any CPU
		{71EC7070-2724-41F5-9FC3-3C2A7023061D}.Debug|Any CPU.Build.0 = Debug|Any CPU
		{71EC7070-2724-41F5-9FC3-3C2A7023061D}.Release|Any CPU.ActiveCfg = Release|Any CPU
		{71EC7070-2724-41F5-9FC3-3C2A7023061D}.Release|Any CPU.Build.0 = Release|Any CPU
		{C9684CE1-82E5-4A69-9037-76B9A3A10070}.Debug|Any CPU.ActiveCfg = Debug|Any CPU
		{C9684CE1-82E5-4A69-9037-76B9A3A10070}.Debug|Any CPU.Build.0 = Debug|Any CPU
		{C9684CE1-82E5-4A69-9037-76B9A3A10070}.Release|Any CPU.ActiveCfg = Release|Any CPU
		{C9684CE1-82E5-4A69-9037-76B9A3A10070}.Release|Any CPU.Build.0 = Release|Any CPU
	EndGlobalSection
	GlobalSection(SolutionProperties) = preSolution
		HideSolutionNode = FALSE
	EndGlobalSection
	GlobalSection(ExtensibilityGlobals) = postSolution
		SolutionGuid = {4D31F524-8487-4797-9F95-9307D6EB4457}
	EndGlobalSection
EndGlobal
