
Microsoft Visual Studio Solution File, Format Version 12.00
# Visual Studio Version 16
VisualStudioVersion = 16.0.31005.135
MinimumVisualStudioVersion = 10.0.40219.1
Project("{9A19103F-16F7-4668-BE54-9A1E7A4F7556}") = "Slapper", "Slapper.AutoMapper\Slapper.csproj", "{A3A6ABBF-8C42-4945-BB8B-804123E45B2D}"
EndProject
Project("{9A19103F-16F7-4668-BE54-9A1E7A4F7556}") = "Slapper.Tests", "Slapper.AutoMapper.Tests\Slapper.Tests.csproj", "{DB57364B-6EE2-46C0-837E-B43F53CEEFA5}"
EndProject
Global
	GlobalSection(SolutionConfigurationPlatforms) = preSolution
		Debug|Any CPU = Debug|Any CPU
		Release|Any CPU = Release|Any CPU
	EndGlobalSection
	GlobalSection(ProjectConfigurationPlatforms) = postSolution
		{A3A6ABBF-8C42-4945-BB8B-804123E45B2D}.Debug|Any CPU.ActiveCfg = Debug|Any CPU
		{A3A6ABBF-8C42-4945-BB8B-804123E45B2D}.Debug|Any CPU.Build.0 = Debug|Any CPU
		{A3A6ABBF-8C42-4945-BB8B-804123E45B2D}.Release|Any CPU.ActiveCfg = Release|Any CPU
		{A3A6ABBF-8C42-4945-BB8B-804123E45B2D}.Release|Any CPU.Build.0 = Release|Any CPU
		{DB57364B-6EE2-46C0-837E-B43F53CEEFA5}.Debug|Any CPU.ActiveCfg = Debug|Any CPU
		{DB57364B-6EE2-46C0-837E-B43F53CEEFA5}.Debug|Any CPU.Build.0 = Debug|Any CPU
		{DB57364B-6EE2-46C0-837E-B43F53CEEFA5}.Release|Any CPU.ActiveCfg = Release|Any CPU
		{DB57364B-6EE2-46C0-837E-B43F53CEEFA5}.Release|Any CPU.Build.0 = Release|Any CPU
	EndGlobalSection
	GlobalSection(SolutionProperties) = preSolution
		HideSolutionNode = FALSE
	EndGlobalSection
	GlobalSection(ExtensibilityGlobals) = postSolution
		SolutionGuid = {788C0E0D-1CE3-400B-B65A-068DC8DF00EA}
	EndGlobalSection
EndGlobal
