
Microsoft Visual Studio Solution File, Format Version 11.00
# Visual Studio 2010
Project("{FAE04EC0-301F-11D3-BF4B-00C04F79EFBC}") = "Slapper", "Slapper.csproj", "{A3A6ABBF-8C42-4945-BB8B-804123E45B2D}"
EndProject
Global
	GlobalSection(SolutionConfigurationPlatforms) = preSolution
		Debug|Any CPU = Debug|Any CPU
		Release|Any CPU = Release|Any CPU
	EndGlobalSection
	GlobalSection(ProjectConfigurationPlatforms) = postSolution
		{A3A6ABBF-8C42-4945-BB8B-804123E45B2D}.Debug|Any CPU.ActiveCfg = Debug|Any CPU
		{A3A6ABBF-8C42-4945-BB8B-804123E45B2D}.Debug|Any CPU.Build.0 = Debug|Any CPU
		{A3A6ABBF-8C42-4945-BB8B-804123E45B2D}.Release|Any CPU.ActiveCfg = Release|Any CPU
		{A3A6ABBF-8C42-4945-BB8B-804123E45B2D}.Release|Any CPU.Build.0 = Release|Any CPU
	EndGlobalSection
	GlobalSection(SolutionProperties) = preSolution
		HideSolutionNode = FALSE
	EndGlobalSection
EndGlobal
